// !$*UTF8*$!
{
	archiveVersion = 1;
	classes = {
	};
	objectVersion = 50;
	objects = {

/* Begin PBXBuildFile section */
		ABF7404C24BE89D600C26756 /* AppDelegate.swift in Sources */ = {isa = PBXBuildFile; fileRef = ABF7404B24BE89D600C26756 /* AppDelegate.swift */; };
		ABF7404E24BE89D600C26756 /* SceneDelegate.swift in Sources */ = {isa = PBXBuildFile; fileRef = ABF7404D24BE89D600C26756 /* SceneDelegate.swift */; };
		ABF7405324BE89D600C26756 /* Main.storyboard in Resources */ = {isa = PBXBuildFile; fileRef = ABF7405124BE89D600C26756 /* Main.storyboard */; };
		ABF7405524BE89D700C26756 /* Assets.xcassets in Resources */ = {isa = PBXBuildFile; fileRef = ABF7405424BE89D700C26756 /* Assets.xcassets */; };
		ABF7405824BE89D700C26756 /* LaunchScreen.storyboard in Resources */ = {isa = PBXBuildFile; fileRef = ABF7405624BE89D700C26756 /* LaunchScreen.storyboard */; };
		ABF7406024BE8DA400C26756 /* CameraPreviewView.swift in Sources */ = {isa = PBXBuildFile; fileRef = ABF7405F24BE8DA400C26756 /* CameraPreviewView.swift */; };
		ABF7406224BE8DC100C26756 /* VideoPlayerView.swift in Sources */ = {isa = PBXBuildFile; fileRef = ABF7406124BE8DC100C26756 /* VideoPlayerView.swift */; };
		ABF7406924BE9CEF00C26756 /* Post.swift in Sources */ = {isa = PBXBuildFile; fileRef = ABF7406824BE9CEF00C26756 /* Post.swift */; };
		ABF7406B24BEA02600C26756 /* CameraViewController.swift in Sources */ = {isa = PBXBuildFile; fileRef = ABF7406A24BEA02600C26756 /* CameraViewController.swift */; };
		ABF7406D24BFC6B600C26756 /* PostsCollectionViewController.swift in Sources */ = {isa = PBXBuildFile; fileRef = ABF7406C24BFC6B600C26756 /* PostsCollectionViewController.swift */; };
		ABF7406F24BFC80C00C26756 /* PostCollectionViewCell.swift in Sources */ = {isa = PBXBuildFile; fileRef = ABF7406E24BFC80C00C26756 /* PostCollectionViewCell.swift */; };
		ABF7407224BFC8AE00C26756 /* Identifiers.swift in Sources */ = {isa = PBXBuildFile; fileRef = ABF7407124BFC8AE00C26756 /* Identifiers.swift */; };
/* End PBXBuildFile section */

/* Begin PBXFileReference section */
		ABF7404824BE89D600C26756 /* VideoPosts.app */ = {isa = PBXFileReference; explicitFileType = wrapper.application; includeInIndex = 0; path = VideoPosts.app; sourceTree = BUILT_PRODUCTS_DIR; };
		ABF7404B24BE89D600C26756 /* AppDelegate.swift */ = {isa = PBXFileReference; lastKnownFileType = sourcecode.swift; path = AppDelegate.swift; sourceTree = "<group>"; };
		ABF7404D24BE89D600C26756 /* SceneDelegate.swift */ = {isa = PBXFileReference; lastKnownFileType = sourcecode.swift; path = SceneDelegate.swift; sourceTree = "<group>"; };
		ABF7405224BE89D600C26756 /* Base */ = {isa = PBXFileReference; lastKnownFileType = file.storyboard; name = Base; path = Base.lproj/Main.storyboard; sourceTree = "<group>"; };
		ABF7405424BE89D700C26756 /* Assets.xcassets */ = {isa = PBXFileReference; lastKnownFileType = folder.assetcatalog; path = Assets.xcassets; sourceTree = "<group>"; };
		ABF7405724BE89D700C26756 /* Base */ = {isa = PBXFileReference; lastKnownFileType = file.storyboard; name = Base; path = Base.lproj/LaunchScreen.storyboard; sourceTree = "<group>"; };
		ABF7405924BE89D700C26756 /* Info.plist */ = {isa = PBXFileReference; lastKnownFileType = text.plist.xml; path = Info.plist; sourceTree = "<group>"; };
		ABF7405F24BE8DA400C26756 /* CameraPreviewView.swift */ = {isa = PBXFileReference; lastKnownFileType = sourcecode.swift; path = CameraPreviewView.swift; sourceTree = "<group>"; };
		ABF7406124BE8DC100C26756 /* VideoPlayerView.swift */ = {isa = PBXFileReference; lastKnownFileType = sourcecode.swift; path = VideoPlayerView.swift; sourceTree = "<group>"; };
		ABF7406824BE9CEF00C26756 /* Post.swift */ = {isa = PBXFileReference; lastKnownFileType = sourcecode.swift; path = Post.swift; sourceTree = "<group>"; };
		ABF7406A24BEA02600C26756 /* CameraViewController.swift */ = {isa = PBXFileReference; lastKnownFileType = sourcecode.swift; path = CameraViewController.swift; sourceTree = "<group>"; };
		ABF7406C24BFC6B600C26756 /* PostsCollectionViewController.swift */ = {isa = PBXFileReference; lastKnownFileType = sourcecode.swift; path = PostsCollectionViewController.swift; sourceTree = "<group>"; };
		ABF7406E24BFC80C00C26756 /* PostCollectionViewCell.swift */ = {isa = PBXFileReference; lastKnownFileType = sourcecode.swift; path = PostCollectionViewCell.swift; sourceTree = "<group>"; };
		ABF7407124BFC8AE00C26756 /* Identifiers.swift */ = {isa = PBXFileReference; lastKnownFileType = sourcecode.swift; path = Identifiers.swift; sourceTree = "<group>"; };
/* End PBXFileReference section */

/* Begin PBXFrameworksBuildPhase section */
		ABF7404524BE89D600C26756 /* Frameworks */ = {
			isa = PBXFrameworksBuildPhase;
			buildActionMask = 2147483647;
			files = (
			);
			runOnlyForDeploymentPostprocessing = 0;
		};
/* End PBXFrameworksBuildPhase section */

/* Begin PBXGroup section */
		ABF7403F24BE89D600C26756 = {
			isa = PBXGroup;
			children = (
				ABF7404A24BE89D600C26756 /* VideoPosts */,
			);
			sourceTree = "<group>";
		};
		ABF7404924BE89D600C26756 /* Products */ = {
			isa = PBXGroup;
			children = (
				ABF7404824BE89D600C26756 /* VideoPosts.app */,
			);
			name = Products;
			path = ..;
			sourceTree = "<group>";
		};
		ABF7404A24BE89D600C26756 /* VideoPosts */ = {
			isa = PBXGroup;
			children = (
				ABF7407024BFC89200C26756 /* Helpers */,
				ABF7405924BE89D700C26756 /* Info.plist */,
				ABF7406324BE9BA300C26756 /* Model */,
				ABF7404924BE89D600C26756 /* Products */,
				ABF7406724BE9BF300C26756 /* Resources */,
				ABF7406624BE9BCB00C26756 /* Story Boards */,
				ABF7406424BE9BB800C26756 /* View Controllers */,
				ABF7406524BE9BC100C26756 /* Views */,
			);
			path = VideoPosts;
			sourceTree = "<group>";
		};
		ABF7406324BE9BA300C26756 /* Model */ = {
			isa = PBXGroup;
			children = (
				ABF7406824BE9CEF00C26756 /* Post.swift */,
			);
			path = Model;
			sourceTree = "<group>";
		};
		ABF7406424BE9BB800C26756 /* View Controllers */ = {
			isa = PBXGroup;
			children = (
				ABF7406A24BEA02600C26756 /* CameraViewController.swift */,
				ABF7406C24BFC6B600C26756 /* PostsCollectionViewController.swift */,
			);
			path = "View Controllers";
			sourceTree = "<group>";
		};
		ABF7406524BE9BC100C26756 /* Views */ = {
			isa = PBXGroup;
			children = (
				ABF7405F24BE8DA400C26756 /* CameraPreviewView.swift */,
				ABF7406124BE8DC100C26756 /* VideoPlayerView.swift */,
				ABF7406E24BFC80C00C26756 /* PostCollectionViewCell.swift */,
			);
			path = Views;
			sourceTree = "<group>";
		};
		ABF7406624BE9BCB00C26756 /* Story Boards */ = {
			isa = PBXGroup;
			children = (
				ABF7405124BE89D600C26756 /* Main.storyboard */,
				ABF7405624BE89D700C26756 /* LaunchScreen.storyboard */,
			);
			path = "Story Boards";
			sourceTree = "<group>";
		};
		ABF7406724BE9BF300C26756 /* Resources */ = {
			isa = PBXGroup;
			children = (
				ABF7404B24BE89D600C26756 /* AppDelegate.swift */,
				ABF7404D24BE89D600C26756 /* SceneDelegate.swift */,
				ABF7405424BE89D700C26756 /* Assets.xcassets */,
			);
			path = Resources;
			sourceTree = "<group>";
		};
		ABF7407024BFC89200C26756 /* Helpers */ = {
			isa = PBXGroup;
			children = (
				ABF7407124BFC8AE00C26756 /* Identifiers.swift */,
			);
			path = Helpers;
			sourceTree = "<group>";
		};
/* End PBXGroup section */

/* Begin PBXNativeTarget section */
		ABF7404724BE89D600C26756 /* VideoPosts */ = {
			isa = PBXNativeTarget;
			buildConfigurationList = ABF7405C24BE89D700C26756 /* Build configuration list for PBXNativeTarget "VideoPosts" */;
			buildPhases = (
				ABF7404424BE89D600C26756 /* Sources */,
				ABF7404524BE89D600C26756 /* Frameworks */,
				ABF7404624BE89D600C26756 /* Resources */,
			);
			buildRules = (
			);
			dependencies = (
			);
			name = VideoPosts;
			productName = VideoPosts;
			productReference = ABF7404824BE89D600C26756 /* VideoPosts.app */;
			productType = "com.apple.product-type.application";
		};
/* End PBXNativeTarget section */

/* Begin PBXProject section */
		ABF7404024BE89D600C26756 /* Project object */ = {
			isa = PBXProject;
			attributes = {
				LastSwiftUpdateCheck = 1150;
				LastUpgradeCheck = 1150;
				ORGANIZATIONNAME = "Crus Technologies";
				TargetAttributes = {
					ABF7404724BE89D600C26756 = {
						CreatedOnToolsVersion = 11.5;
					};
				};
			};
			buildConfigurationList = ABF7404324BE89D600C26756 /* Build configuration list for PBXProject "VideoPosts" */;
			compatibilityVersion = "Xcode 9.3";
			developmentRegion = en;
			hasScannedForEncodings = 0;
			knownRegions = (
				en,
				Base,
			);
			mainGroup = ABF7403F24BE89D600C26756;
			productRefGroup = ABF7404924BE89D600C26756 /* Products */;
			projectDirPath = "";
			projectRoot = "";
			targets = (
				ABF7404724BE89D600C26756 /* VideoPosts */,
			);
		};
/* End PBXProject section */

/* Begin PBXResourcesBuildPhase section */
		ABF7404624BE89D600C26756 /* Resources */ = {
			isa = PBXResourcesBuildPhase;
			buildActionMask = 2147483647;
			files = (
				ABF7405824BE89D700C26756 /* LaunchScreen.storyboard in Resources */,
				ABF7405524BE89D700C26756 /* Assets.xcassets in Resources */,
				ABF7405324BE89D600C26756 /* Main.storyboard in Resources */,
			);
			runOnlyForDeploymentPostprocessing = 0;
		};
/* End PBXResourcesBuildPhase section */

/* Begin PBXSourcesBuildPhase section */
		ABF7404424BE89D600C26756 /* Sources */ = {
			isa = PBXSourcesBuildPhase;
			buildActionMask = 2147483647;
			files = (
				ABF7404C24BE89D600C26756 /* AppDelegate.swift in Sources */,
				ABF7404E24BE89D600C26756 /* SceneDelegate.swift in Sources */,
				ABF7406024BE8DA400C26756 /* CameraPreviewView.swift in Sources */,
				ABF7406224BE8DC100C26756 /* VideoPlayerView.swift in Sources */,
				ABF7407224BFC8AE00C26756 /* Identifiers.swift in Sources */,
				ABF7406F24BFC80C00C26756 /* PostCollectionViewCell.swift in Sources */,
				ABF7406924BE9CEF00C26756 /* Post.swift in Sources */,
				ABF7406D24BFC6B600C26756 /* PostsCollectionViewController.swift in Sources */,
				ABF7406B24BEA02600C26756 /* CameraViewController.swift in Sources */,
			);
			runOnlyForDeploymentPostprocessing = 0;
		};
/* End PBXSourcesBuildPhase section */

/* Begin PBXVariantGroup section */
		ABF7405124BE89D600C26756 /* Main.storyboard */ = {
			isa = PBXVariantGroup;
			children = (
				ABF7405224BE89D600C26756 /* Base */,
			);
			name = Main.storyboard;
			sourceTree = "<group>";
		};
		ABF7405624BE89D700C26756 /* LaunchScreen.storyboard */ = {
			isa = PBXVariantGroup;
			children = (
				ABF7405724BE89D700C26756 /* Base */,
			);
			name = LaunchScreen.storyboard;
			sourceTree = "<group>";
		};
/* End PBXVariantGroup section */

/* Begin XCBuildConfiguration section */
		ABF7405A24BE89D700C26756 /* Debug */ = {
			isa = XCBuildConfiguration;
			buildSettings = {
				ALWAYS_SEARCH_USER_PATHS = NO;
				CLANG_ANALYZER_NONNULL = YES;
				CLANG_ANALYZER_NUMBER_OBJECT_CONVERSION = YES_AGGRESSIVE;
				CLANG_CXX_LANGUAGE_STANDARD = "gnu++14";
				CLANG_CXX_LIBRARY = "libc++";
				CLANG_ENABLE_MODULES = YES;
				CLANG_ENABLE_OBJC_ARC = YES;
				CLANG_ENABLE_OBJC_WEAK = YES;
				CLANG_WARN_BLOCK_CAPTURE_AUTORELEASING = YES;
				CLANG_WARN_BOOL_CONVERSION = YES;
				CLANG_WARN_COMMA = YES;
				CLANG_WARN_CONSTANT_CONVERSION = YES;
				CLANG_WARN_DEPRECATED_OBJC_IMPLEMENTATIONS = YES;
				CLANG_WARN_DIRECT_OBJC_ISA_USAGE = YES_ERROR;
				CLANG_WARN_DOCUMENTATION_COMMENTS = YES;
				CLANG_WARN_EMPTY_BODY = YES;
				CLANG_WARN_ENUM_CONVERSION = YES;
				CLANG_WARN_INFINITE_RECURSION = YES;
				CLANG_WARN_INT_CONVERSION = YES;
				CLANG_WARN_NON_LITERAL_NULL_CONVERSION = YES;
				CLANG_WARN_OBJC_IMPLICIT_RETAIN_SELF = YES;
				CLANG_WARN_OBJC_LITERAL_CONVERSION = YES;
				CLANG_WARN_OBJC_ROOT_CLASS = YES_ERROR;
				CLANG_WARN_RANGE_LOOP_ANALYSIS = YES;
				CLANG_WARN_STRICT_PROTOTYPES = YES;
				CLANG_WARN_SUSPICIOUS_MOVE = YES;
				CLANG_WARN_UNGUARDED_AVAILABILITY = YES_AGGRESSIVE;
				CLANG_WARN_UNREACHABLE_CODE = YES;
				CLANG_WARN__DUPLICATE_METHOD_MATCH = YES;
				COPY_PHASE_STRIP = NO;
				DEBUG_INFORMATION_FORMAT = dwarf;
				ENABLE_STRICT_OBJC_MSGSEND = YES;
				ENABLE_TESTABILITY = YES;
				GCC_C_LANGUAGE_STANDARD = gnu11;
				GCC_DYNAMIC_NO_PIC = NO;
				GCC_NO_COMMON_BLOCKS = YES;
				GCC_OPTIMIZATION_LEVEL = 0;
				GCC_PREPROCESSOR_DEFINITIONS = (
					"DEBUG=1",
					"$(inherited)",
				);
				GCC_WARN_64_TO_32_BIT_CONVERSION = YES;
				GCC_WARN_ABOUT_RETURN_TYPE = YES_ERROR;
				GCC_WARN_UNDECLARED_SELECTOR = YES;
				GCC_WARN_UNINITIALIZED_AUTOS = YES_AGGRESSIVE;
				GCC_WARN_UNUSED_FUNCTION = YES;
				GCC_WARN_UNUSED_VARIABLE = YES;
				IPHONEOS_DEPLOYMENT_TARGET = 13.5;
				MTL_ENABLE_DEBUG_INFO = INCLUDE_SOURCE;
				MTL_FAST_MATH = YES;
				ONLY_ACTIVE_ARCH = YES;
				SDKROOT = iphoneos;
				SWIFT_ACTIVE_COMPILATION_CONDITIONS = DEBUG;
				SWIFT_OPTIMIZATION_LEVEL = "-Onone";
			};
			name = Debug;
		};
		ABF7405B24BE89D700C26756 /* Release */ = {
			isa = XCBuildConfiguration;
			buildSettings = {
				ALWAYS_SEARCH_USER_PATHS = NO;
				CLANG_ANALYZER_NONNULL = YES;
				CLANG_ANALYZER_NUMBER_OBJECT_CONVERSION = YES_AGGRESSIVE;
				CLANG_CXX_LANGUAGE_STANDARD = "gnu++14";
				CLANG_CXX_LIBRARY = "libc++";
				CLANG_ENABLE_MODULES = YES;
				CLANG_ENABLE_OBJC_ARC = YES;
				CLANG_ENABLE_OBJC_WEAK = YES;
				CLANG_WARN_BLOCK_CAPTURE_AUTORELEASING = YES;
				CLANG_WARN_BOOL_CONVERSION = YES;
				CLANG_WARN_COMMA = YES;
				CLANG_WARN_CONSTANT_CONVERSION = YES;
				CLANG_WARN_DEPRECATED_OBJC_IMPLEMENTATIONS = YES;
				CLANG_WARN_DIRECT_OBJC_ISA_USAGE = YES_ERROR;
				CLANG_WARN_DOCUMENTATION_COMMENTS = YES;
				CLANG_WARN_EMPTY_BODY = YES;
				CLANG_WARN_ENUM_CONVERSION = YES;
				CLANG_WARN_INFINITE_RECURSION = YES;
				CLANG_WARN_INT_CONVERSION = YES;
				CLANG_WARN_NON_LITERAL_NULL_CONVERSION = YES;
				CLANG_WARN_OBJC_IMPLICIT_RETAIN_SELF = YES;
				CLANG_WARN_OBJC_LITERAL_CONVERSION = YES;
				CLANG_WARN_OBJC_ROOT_CLASS = YES_ERROR;
				CLANG_WARN_RANGE_LOOP_ANALYSIS = YES;
				CLANG_WARN_STRICT_PROTOTYPES = YES;
				CLANG_WARN_SUSPICIOUS_MOVE = YES;
				CLANG_WARN_UNGUARDED_AVAILABILITY = YES_AGGRESSIVE;
				CLANG_WARN_UNREACHABLE_CODE = YES;
				CLANG_WARN__DUPLICATE_METHOD_MATCH = YES;
				COPY_PHASE_STRIP = NO;
				DEBUG_INFORMATION_FORMAT = "dwarf-with-dsym";
				ENABLE_NS_ASSERTIONS = NO;
				ENABLE_STRICT_OBJC_MSGSEND = YES;
				GCC_C_LANGUAGE_STANDARD = gnu11;
				GCC_NO_COMMON_BLOCKS = YES;
				GCC_WARN_64_TO_32_BIT_CONVERSION = YES;
				GCC_WARN_ABOUT_RETURN_TYPE = YES_ERROR;
				GCC_WARN_UNDECLARED_SELECTOR = YES;
				GCC_WARN_UNINITIALIZED_AUTOS = YES_AGGRESSIVE;
				GCC_WARN_UNUSED_FUNCTION = YES;
				GCC_WARN_UNUSED_VARIABLE = YES;
				IPHONEOS_DEPLOYMENT_TARGET = 13.5;
				MTL_ENABLE_DEBUG_INFO = NO;
				MTL_FAST_MATH = YES;
				SDKROOT = iphoneos;
				SWIFT_COMPILATION_MODE = wholemodule;
				SWIFT_OPTIMIZATION_LEVEL = "-O";
				VALIDATE_PRODUCT = YES;
			};
			name = Release;
		};
		ABF7405D24BE89D700C26756 /* Debug */ = {
			isa = XCBuildConfiguration;
			buildSettings = {
				ASSETCATALOG_COMPILER_APPICON_NAME = AppIcon;
				CODE_SIGN_STYLE = Automatic;
				DEVELOPMENT_TEAM = 46XAGWCJPW;
				INFOPLIST_FILE = VideoPosts/Info.plist;
				LD_RUNPATH_SEARCH_PATHS = (
					"$(inherited)",
					"@executable_path/Frameworks",
				);
				PRODUCT_BUNDLE_IDENTIFIER = com.pravinpatel.VideoPosts;
				PRODUCT_NAME = "$(TARGET_NAME)";
				SWIFT_VERSION = 5.0;
				TARGETED_DEVICE_FAMILY = "1,2";
			};
			name = Debug;
		};
		ABF7405E24BE89D700C26756 /* Release */ = {
			isa = XCBuildConfiguration;
			buildSettings = {
				ASSETCATALOG_COMPILER_APPICON_NAME = AppIcon;
				CODE_SIGN_STYLE = Automatic;
				DEVELOPMENT_TEAM = 46XAGWCJPW;
				INFOPLIST_FILE = VideoPosts/Info.plist;
				LD_RUNPATH_SEARCH_PATHS = (
					"$(inherited)",
					"@executable_path/Frameworks",
				);
				PRODUCT_BUNDLE_IDENTIFIER = com.pravinpatel.VideoPosts;
				PRODUCT_NAME = "$(TARGET_NAME)";
				SWIFT_VERSION = 5.0;
				TARGETED_DEVICE_FAMILY = "1,2";
			};
			name = Release;
		};
/* End XCBuildConfiguration section */

/* Begin XCConfigurationList section */
		ABF7404324BE89D600C26756 /* Build configuration list for PBXProject "VideoPosts" */ = {
			isa = XCConfigurationList;
			buildConfigurations = (
				ABF7405A24BE89D700C26756 /* Debug */,
				ABF7405B24BE89D700C26756 /* Release */,
			);
			defaultConfigurationIsVisible = 0;
			defaultConfigurationName = Release;
		};
		ABF7405C24BE89D700C26756 /* Build configuration list for PBXNativeTarget "VideoPosts" */ = {
			isa = XCConfigurationList;
			buildConfigurations = (
				ABF7405D24BE89D700C26756 /* Debug */,
				ABF7405E24BE89D700C26756 /* Release */,
			);
			defaultConfigurationIsVisible = 0;
			defaultConfigurationName = Release;
		};
/* End XCConfigurationList section */
	};
	rootObject = ABF7404024BE89D600C26756 /* Project object */;
}
