// !$*UTF8*$!
{
	archiveVersion = 1;
	classes = {
	};
	objectVersion = 50;
	objects = {

/* Begin PBXBuildFile section */
		ABF7401624BB9ABF00C26756 /* AppDelegate.swift in Sources */ = {isa = PBXBuildFile; fileRef = ABF7401524BB9ABF00C26756 /* AppDelegate.swift */; };
		ABF7401824BB9ABF00C26756 /* SceneDelegate.swift in Sources */ = {isa = PBXBuildFile; fileRef = ABF7401724BB9ABF00C26756 /* SceneDelegate.swift */; };
		ABF7401D24BB9ABF00C26756 /* Main.storyboard in Resources */ = {isa = PBXBuildFile; fileRef = ABF7401B24BB9ABF00C26756 /* Main.storyboard */; };
		ABF7401F24BB9AC000C26756 /* Assets.xcassets in Resources */ = {isa = PBXBuildFile; fileRef = ABF7401E24BB9AC000C26756 /* Assets.xcassets */; };
		ABF7402224BB9AC000C26756 /* LaunchScreen.storyboard in Resources */ = {isa = PBXBuildFile; fileRef = ABF7402024BB9AC000C26756 /* LaunchScreen.storyboard */; };
		ABF7402A24BBABB100C26756 /* AudioVisualizer.swift in Sources */ = {isa = PBXBuildFile; fileRef = ABF7402924BBABB100C26756 /* AudioVisualizer.swift */; };
		ABF7402C24BBAC4B00C26756 /* AudioComment.swift in Sources */ = {isa = PBXBuildFile; fileRef = ABF7402B24BBAC4B00C26756 /* AudioComment.swift */; };
		ABF7403224BBAD9B00C26756 /* AudioCommentViewCell.swift in Sources */ = {isa = PBXBuildFile; fileRef = ABF7403124BBAD9B00C26756 /* AudioCommentViewCell.swift */; };
		ABF7403724BBB0E600C26756 /* AudioPlayerViewController.swift in Sources */ = {isa = PBXBuildFile; fileRef = ABF7403624BBB0E600C26756 /* AudioPlayerViewController.swift */; };
		ABF7403924BBB10900C26756 /* AudioRecorderController.swift in Sources */ = {isa = PBXBuildFile; fileRef = ABF7403824BBB10900C26756 /* AudioRecorderController.swift */; };
		ABF7403B24BBB30C00C26756 /* AudioCommentsTableViewController.swift in Sources */ = {isa = PBXBuildFile; fileRef = ABF7403A24BBB30C00C26756 /* AudioCommentsTableViewController.swift */; };
		ABF7403E24BBB5DD00C26756 /* Formatter.swift in Sources */ = {isa = PBXBuildFile; fileRef = ABF7403D24BBB5DD00C26756 /* Formatter.swift */; };
/* End PBXBuildFile section */

/* Begin PBXFileReference section */
		ABF7401224BB9ABF00C26756 /* AudioComments.app */ = {isa = PBXFileReference; explicitFileType = wrapper.application; includeInIndex = 0; path = AudioComments.app; sourceTree = BUILT_PRODUCTS_DIR; };
		ABF7401524BB9ABF00C26756 /* AppDelegate.swift */ = {isa = PBXFileReference; lastKnownFileType = sourcecode.swift; path = AppDelegate.swift; sourceTree = "<group>"; };
		ABF7401724BB9ABF00C26756 /* SceneDelegate.swift */ = {isa = PBXFileReference; lastKnownFileType = sourcecode.swift; path = SceneDelegate.swift; sourceTree = "<group>"; };
		ABF7401C24BB9ABF00C26756 /* Base */ = {isa = PBXFileReference; lastKnownFileType = file.storyboard; name = Base; path = Base.lproj/Main.storyboard; sourceTree = "<group>"; };
		ABF7401E24BB9AC000C26756 /* Assets.xcassets */ = {isa = PBXFileReference; lastKnownFileType = folder.assetcatalog; path = Assets.xcassets; sourceTree = "<group>"; };
		ABF7402124BB9AC000C26756 /* Base */ = {isa = PBXFileReference; lastKnownFileType = file.storyboard; name = Base; path = Base.lproj/LaunchScreen.storyboard; sourceTree = "<group>"; };
		ABF7402324BB9AC000C26756 /* Info.plist */ = {isa = PBXFileReference; lastKnownFileType = text.plist.xml; path = Info.plist; sourceTree = "<group>"; };
		ABF7402924BBABB100C26756 /* AudioVisualizer.swift */ = {isa = PBXFileReference; lastKnownFileType = sourcecode.swift; path = AudioVisualizer.swift; sourceTree = "<group>"; };
		ABF7402B24BBAC4B00C26756 /* AudioComment.swift */ = {isa = PBXFileReference; lastKnownFileType = sourcecode.swift; path = AudioComment.swift; sourceTree = "<group>"; };
		ABF7403124BBAD9B00C26756 /* AudioCommentViewCell.swift */ = {isa = PBXFileReference; lastKnownFileType = sourcecode.swift; path = AudioCommentViewCell.swift; sourceTree = "<group>"; };
		ABF7403624BBB0E600C26756 /* AudioPlayerViewController.swift */ = {isa = PBXFileReference; lastKnownFileType = sourcecode.swift; path = AudioPlayerViewController.swift; sourceTree = "<group>"; };
		ABF7403824BBB10900C26756 /* AudioRecorderController.swift */ = {isa = PBXFileReference; lastKnownFileType = sourcecode.swift; path = AudioRecorderController.swift; sourceTree = "<group>"; };
		ABF7403A24BBB30C00C26756 /* AudioCommentsTableViewController.swift */ = {isa = PBXFileReference; lastKnownFileType = sourcecode.swift; path = AudioCommentsTableViewController.swift; sourceTree = "<group>"; };
		ABF7403D24BBB5DD00C26756 /* Formatter.swift */ = {isa = PBXFileReference; lastKnownFileType = sourcecode.swift; path = Formatter.swift; sourceTree = "<group>"; };
/* End PBXFileReference section */

/* Begin PBXFrameworksBuildPhase section */
		ABF7400F24BB9ABF00C26756 /* Frameworks */ = {
			isa = PBXFrameworksBuildPhase;
			buildActionMask = 2147483647;
			files = (
			);
			runOnlyForDeploymentPostprocessing = 0;
		};
/* End PBXFrameworksBuildPhase section */

/* Begin PBXGroup section */
		ABF7400924BB9ABF00C26756 = {
			isa = PBXGroup;
			children = (
				ABF7401424BB9ABF00C26756 /* AudioComments */,
				ABF7401324BB9ABF00C26756 /* Products */,
			);
			sourceTree = "<group>";
		};
		ABF7401324BB9ABF00C26756 /* Products */ = {
			isa = PBXGroup;
			children = (
				ABF7401224BB9ABF00C26756 /* AudioComments.app */,
			);
			name = Products;
			sourceTree = "<group>";
		};
		ABF7401424BB9ABF00C26756 /* AudioComments */ = {
			isa = PBXGroup;
			children = (
				ABF7402324BB9AC000C26756 /* Info.plist */,
				ABF7403C24BBB5A800C26756 /* Helpers */,
				ABF7402F24BBAD5700C26756 /* Model */,
				ABF7402D24BBAD2C00C26756 /* Resources */,
				ABF7402E24BBAD4100C26756 /* Story Boards */,
				ABF7403324BBB06200C26756 /* View Controllers */,
				ABF7403024BBAD6500C26756 /* Views */,
			);
			path = AudioComments;
			sourceTree = "<group>";
		};
		ABF7402D24BBAD2C00C26756 /* Resources */ = {
			isa = PBXGroup;
			children = (
				ABF7401524BB9ABF00C26756 /* AppDelegate.swift */,
				ABF7401724BB9ABF00C26756 /* SceneDelegate.swift */,
				ABF7401E24BB9AC000C26756 /* Assets.xcassets */,
			);
			path = Resources;
			sourceTree = "<group>";
		};
		ABF7402E24BBAD4100C26756 /* Story Boards */ = {
			isa = PBXGroup;
			children = (
				ABF7402024BB9AC000C26756 /* LaunchScreen.storyboard */,
				ABF7401B24BB9ABF00C26756 /* Main.storyboard */,
			);
			path = "Story Boards";
			sourceTree = "<group>";
		};
		ABF7402F24BBAD5700C26756 /* Model */ = {
			isa = PBXGroup;
			children = (
				ABF7402B24BBAC4B00C26756 /* AudioComment.swift */,
			);
			path = Model;
			sourceTree = "<group>";
		};
		ABF7403024BBAD6500C26756 /* Views */ = {
			isa = PBXGroup;
			children = (
				ABF7402924BBABB100C26756 /* AudioVisualizer.swift */,
				ABF7403124BBAD9B00C26756 /* AudioCommentViewCell.swift */,
			);
			path = Views;
			sourceTree = "<group>";
		};
		ABF7403324BBB06200C26756 /* View Controllers */ = {
			isa = PBXGroup;
			children = (
				ABF7403A24BBB30C00C26756 /* AudioCommentsTableViewController.swift */,
				ABF7403624BBB0E600C26756 /* AudioPlayerViewController.swift */,
				ABF7403824BBB10900C26756 /* AudioRecorderController.swift */,
			);
			path = "View Controllers";
			sourceTree = "<group>";
		};
		ABF7403C24BBB5A800C26756 /* Helpers */ = {
			isa = PBXGroup;
			children = (
				ABF7403D24BBB5DD00C26756 /* Formatter.swift */,
			);
			path = Helpers;
			sourceTree = "<group>";
		};
/* End PBXGroup section */

/* Begin PBXNativeTarget section */
		ABF7401124BB9ABF00C26756 /* AudioComments */ = {
			isa = PBXNativeTarget;
			buildConfigurationList = ABF7402624BB9AC000C26756 /* Build configuration list for PBXNativeTarget "AudioComments" */;
			buildPhases = (
				ABF7400E24BB9ABF00C26756 /* Sources */,
				ABF7400F24BB9ABF00C26756 /* Frameworks */,
				ABF7401024BB9ABF00C26756 /* Resources */,
			);
			buildRules = (
			);
			dependencies = (
			);
			name = AudioComments;
			productName = AudioComments;
			productReference = ABF7401224BB9ABF00C26756 /* AudioComments.app */;
			productType = "com.apple.product-type.application";
		};
/* End PBXNativeTarget section */

/* Begin PBXProject section */
		ABF7400A24BB9ABF00C26756 /* Project object */ = {
			isa = PBXProject;
			attributes = {
				LastSwiftUpdateCheck = 1150;
				LastUpgradeCheck = 1150;
				ORGANIZATIONNAME = "Crus Technologies";
				TargetAttributes = {
					ABF7401124BB9ABF00C26756 = {
						CreatedOnToolsVersion = 11.5;
					};
				};
			};
			buildConfigurationList = ABF7400D24BB9ABF00C26756 /* Build configuration list for PBXProject "AudioComments" */;
			compatibilityVersion = "Xcode 9.3";
			developmentRegion = en;
			hasScannedForEncodings = 0;
			knownRegions = (
				en,
				Base,
			);
			mainGroup = ABF7400924BB9ABF00C26756;
			productRefGroup = ABF7401324BB9ABF00C26756 /* Products */;
			projectDirPath = "";
			projectRoot = "";
			targets = (
				ABF7401124BB9ABF00C26756 /* AudioComments */,
			);
		};
/* End PBXProject section */

/* Begin PBXResourcesBuildPhase section */
		ABF7401024BB9ABF00C26756 /* Resources */ = {
			isa = PBXResourcesBuildPhase;
			buildActionMask = 2147483647;
			files = (
				ABF7402224BB9AC000C26756 /* LaunchScreen.storyboard in Resources */,
				ABF7401F24BB9AC000C26756 /* Assets.xcassets in Resources */,
				ABF7401D24BB9ABF00C26756 /* Main.storyboard in Resources */,
			);
			runOnlyForDeploymentPostprocessing = 0;
		};
/* End PBXResourcesBuildPhase section */

/* Begin PBXSourcesBuildPhase section */
		ABF7400E24BB9ABF00C26756 /* Sources */ = {
			isa = PBXSourcesBuildPhase;
			buildActionMask = 2147483647;
			files = (
				ABF7403B24BBB30C00C26756 /* AudioCommentsTableViewController.swift in Sources */,
				ABF7403724BBB0E600C26756 /* AudioPlayerViewController.swift in Sources */,
				ABF7403924BBB10900C26756 /* AudioRecorderController.swift in Sources */,
				ABF7403E24BBB5DD00C26756 /* Formatter.swift in Sources */,
				ABF7401624BB9ABF00C26756 /* AppDelegate.swift in Sources */,
				ABF7402A24BBABB100C26756 /* AudioVisualizer.swift in Sources */,
				ABF7403224BBAD9B00C26756 /* AudioCommentViewCell.swift in Sources */,
				ABF7402C24BBAC4B00C26756 /* AudioComment.swift in Sources */,
				ABF7401824BB9ABF00C26756 /* SceneDelegate.swift in Sources */,
			);
			runOnlyForDeploymentPostprocessing = 0;
		};
/* End PBXSourcesBuildPhase section */

/* Begin PBXVariantGroup section */
		ABF7401B24BB9ABF00C26756 /* Main.storyboard */ = {
			isa = PBXVariantGroup;
			children = (
				ABF7401C24BB9ABF00C26756 /* Base */,
			);
			name = Main.storyboard;
			sourceTree = "<group>";
		};
		ABF7402024BB9AC000C26756 /* LaunchScreen.storyboard */ = {
			isa = PBXVariantGroup;
			children = (
				ABF7402124BB9AC000C26756 /* Base */,
			);
			name = LaunchScreen.storyboard;
			sourceTree = "<group>";
		};
/* End PBXVariantGroup section */

/* Begin XCBuildConfiguration section */
		ABF7402424BB9AC000C26756 /* Debug */ = {
			isa = XCBuildConfiguration;
			buildSettings = {
				ALWAYS_SEARCH_USER_PATHS = NO;
				CLANG_ANALYZER_NONNULL = YES;
				CLANG_ANALYZER_NUMBER_OBJECT_CONVERSION = YES_AGGRESSIVE;
				CLANG_CXX_LANGUAGE_STANDARD = "gnu++14";
				CLANG_CXX_LIBRARY = "libc++";
				CLANG_ENABLE_MODULES = YES;
				CLANG_ENABLE_OBJC_ARC = YES;
				CLANG_ENABLE_OBJC_WEAK = YES;
				CLANG_WARN_BLOCK_CAPTURE_AUTORELEASING = YES;
				CLANG_WARN_BOOL_CONVERSION = YES;
				CLANG_WARN_COMMA = YES;
				CLANG_WARN_CONSTANT_CONVERSION = YES;
				CLANG_WARN_DEPRECATED_OBJC_IMPLEMENTATIONS = YES;
				CLANG_WARN_DIRECT_OBJC_ISA_USAGE = YES_ERROR;
				CLANG_WARN_DOCUMENTATION_COMMENTS = YES;
				CLANG_WARN_EMPTY_BODY = YES;
				CLANG_WARN_ENUM_CONVERSION = YES;
				CLANG_WARN_INFINITE_RECURSION = YES;
				CLANG_WARN_INT_CONVERSION = YES;
				CLANG_WARN_NON_LITERAL_NULL_CONVERSION = YES;
				CLANG_WARN_OBJC_IMPLICIT_RETAIN_SELF = YES;
				CLANG_WARN_OBJC_LITERAL_CONVERSION = YES;
				CLANG_WARN_OBJC_ROOT_CLASS = YES_ERROR;
				CLANG_WARN_RANGE_LOOP_ANALYSIS = YES;
				CLANG_WARN_STRICT_PROTOTYPES = YES;
				CLANG_WARN_SUSPICIOUS_MOVE = YES;
				CLANG_WARN_UNGUARDED_AVAILABILITY = YES_AGGRESSIVE;
				CLANG_WARN_UNREACHABLE_CODE = YES;
				CLANG_WARN__DUPLICATE_METHOD_MATCH = YES;
				COPY_PHASE_STRIP = NO;
				DEBUG_INFORMATION_FORMAT = dwarf;
				ENABLE_STRICT_OBJC_MSGSEND = YES;
				ENABLE_TESTABILITY = YES;
				GCC_C_LANGUAGE_STANDARD = gnu11;
				GCC_DYNAMIC_NO_PIC = NO;
				GCC_NO_COMMON_BLOCKS = YES;
				GCC_OPTIMIZATION_LEVEL = 0;
				GCC_PREPROCESSOR_DEFINITIONS = (
					"DEBUG=1",
					"$(inherited)",
				);
				GCC_WARN_64_TO_32_BIT_CONVERSION = YES;
				GCC_WARN_ABOUT_RETURN_TYPE = YES_ERROR;
				GCC_WARN_UNDECLARED_SELECTOR = YES;
				GCC_WARN_UNINITIALIZED_AUTOS = YES_AGGRESSIVE;
				GCC_WARN_UNUSED_FUNCTION = YES;
				GCC_WARN_UNUSED_VARIABLE = YES;
				IPHONEOS_DEPLOYMENT_TARGET = 13.5;
				MTL_ENABLE_DEBUG_INFO = INCLUDE_SOURCE;
				MTL_FAST_MATH = YES;
				ONLY_ACTIVE_ARCH = YES;
				SDKROOT = iphoneos;
				SWIFT_ACTIVE_COMPILATION_CONDITIONS = DEBUG;
				SWIFT_OPTIMIZATION_LEVEL = "-Onone";
			};
			name = Debug;
		};
		ABF7402524BB9AC000C26756 /* Release */ = {
			isa = XCBuildConfiguration;
			buildSettings = {
				ALWAYS_SEARCH_USER_PATHS = NO;
				CLANG_ANALYZER_NONNULL = YES;
				CLANG_ANALYZER_NUMBER_OBJECT_CONVERSION = YES_AGGRESSIVE;
				CLANG_CXX_LANGUAGE_STANDARD = "gnu++14";
				CLANG_CXX_LIBRARY = "libc++";
				CLANG_ENABLE_MODULES = YES;
				CLANG_ENABLE_OBJC_ARC = YES;
				CLANG_ENABLE_OBJC_WEAK = YES;
				CLANG_WARN_BLOCK_CAPTURE_AUTORELEASING = YES;
				CLANG_WARN_BOOL_CONVERSION = YES;
				CLANG_WARN_COMMA = YES;
				CLANG_WARN_CONSTANT_CONVERSION = YES;
				CLANG_WARN_DEPRECATED_OBJC_IMPLEMENTATIONS = YES;
				CLANG_WARN_DIRECT_OBJC_ISA_USAGE = YES_ERROR;
				CLANG_WARN_DOCUMENTATION_COMMENTS = YES;
				CLANG_WARN_EMPTY_BODY = YES;
				CLANG_WARN_ENUM_CONVERSION = YES;
				CLANG_WARN_INFINITE_RECURSION = YES;
				CLANG_WARN_INT_CONVERSION = YES;
				CLANG_WARN_NON_LITERAL_NULL_CONVERSION = YES;
				CLANG_WARN_OBJC_IMPLICIT_RETAIN_SELF = YES;
				CLANG_WARN_OBJC_LITERAL_CONVERSION = YES;
				CLANG_WARN_OBJC_ROOT_CLASS = YES_ERROR;
				CLANG_WARN_RANGE_LOOP_ANALYSIS = YES;
				CLANG_WARN_STRICT_PROTOTYPES = YES;
				CLANG_WARN_SUSPICIOUS_MOVE = YES;
				CLANG_WARN_UNGUARDED_AVAILABILITY = YES_AGGRESSIVE;
				CLANG_WARN_UNREACHABLE_CODE = YES;
				CLANG_WARN__DUPLICATE_METHOD_MATCH = YES;
				COPY_PHASE_STRIP = NO;
				DEBUG_INFORMATION_FORMAT = "dwarf-with-dsym";
				ENABLE_NS_ASSERTIONS = NO;
				ENABLE_STRICT_OBJC_MSGSEND = YES;
				GCC_C_LANGUAGE_STANDARD = gnu11;
				GCC_NO_COMMON_BLOCKS = YES;
				GCC_WARN_64_TO_32_BIT_CONVERSION = YES;
				GCC_WARN_ABOUT_RETURN_TYPE = YES_ERROR;
				GCC_WARN_UNDECLARED_SELECTOR = YES;
				GCC_WARN_UNINITIALIZED_AUTOS = YES_AGGRESSIVE;
				GCC_WARN_UNUSED_FUNCTION = YES;
				GCC_WARN_UNUSED_VARIABLE = YES;
				IPHONEOS_DEPLOYMENT_TARGET = 13.5;
				MTL_ENABLE_DEBUG_INFO = NO;
				MTL_FAST_MATH = YES;
				SDKROOT = iphoneos;
				SWIFT_COMPILATION_MODE = wholemodule;
				SWIFT_OPTIMIZATION_LEVEL = "-O";
				VALIDATE_PRODUCT = YES;
			};
			name = Release;
		};
		ABF7402724BB9AC000C26756 /* Debug */ = {
			isa = XCBuildConfiguration;
			buildSettings = {
				ASSETCATALOG_COMPILER_APPICON_NAME = AppIcon;
				CODE_SIGN_STYLE = Automatic;
				DEVELOPMENT_TEAM = 46XAGWCJPW;
				INFOPLIST_FILE = AudioComments/Info.plist;
				LD_RUNPATH_SEARCH_PATHS = (
					"$(inherited)",
					"@executable_path/Frameworks",
				);
				PRODUCT_BUNDLE_IDENTIFIER = com.pravinpatel.AudioComments;
				PRODUCT_NAME = "$(TARGET_NAME)";
				SWIFT_VERSION = 5.0;
				TARGETED_DEVICE_FAMILY = "1,2";
			};
			name = Debug;
		};
		ABF7402824BB9AC000C26756 /* Release */ = {
			isa = XCBuildConfiguration;
			buildSettings = {
				ASSETCATALOG_COMPILER_APPICON_NAME = AppIcon;
				CODE_SIGN_STYLE = Automatic;
				DEVELOPMENT_TEAM = 46XAGWCJPW;
				INFOPLIST_FILE = AudioComments/Info.plist;
				LD_RUNPATH_SEARCH_PATHS = (
					"$(inherited)",
					"@executable_path/Frameworks",
				);
				PRODUCT_BUNDLE_IDENTIFIER = com.pravinpatel.AudioComments;
				PRODUCT_NAME = "$(TARGET_NAME)";
				SWIFT_VERSION = 5.0;
				TARGETED_DEVICE_FAMILY = "1,2";
			};
			name = Release;
		};
/* End XCBuildConfiguration section */

/* Begin XCConfigurationList section */
		ABF7400D24BB9ABF00C26756 /* Build configuration list for PBXProject "AudioComments" */ = {
			isa = XCConfigurationList;
			buildConfigurations = (
				ABF7402424BB9AC000C26756 /* Debug */,
				ABF7402524BB9AC000C26756 /* Release */,
			);
			defaultConfigurationIsVisible = 0;
			defaultConfigurationName = Release;
		};
		ABF7402624BB9AC000C26756 /* Build configuration list for PBXNativeTarget "AudioComments" */ = {
			isa = XCConfigurationList;
			buildConfigurations = (
				ABF7402724BB9AC000C26756 /* Debug */,
				ABF7402824BB9AC000C26756 /* Release */,
			);
			defaultConfigurationIsVisible = 0;
			defaultConfigurationName = Release;
		};
/* End XCConfigurationList section */
	};
	rootObject = ABF7400A24BB9ABF00C26756 /* Project object */;
}
